
Microsoft Visual Studio Solution File, Format Version 12.00
# Visual Studio Version 17
VisualStudioVersion = 17.0.31919.166
MinimumVisualStudioVersion = 10.0.40219.1
Project("{FAE04EC0-301F-11D3-BF4B-00C04F79EFBC}") = "EdgarAmaguana.Android", "EdgarAmaguana.Android\EdgarAmaguana.Android.csproj", "{A340A0B5-1EA1-4621-835F-EF054AF1098E}"
EndProject
Project("{FAE04EC0-301F-11D3-BF4B-00C04F79EFBC}") = "EdgarAmaguana.iOS", "EdgarAmaguana.iOS\EdgarAmaguana.iOS.csproj", "{479FC700-A33D-4C70-82BE-B665C9C570F1}"
EndProject
Project("{FAE04EC0-301F-11D3-BF4B-00C04F79EFBC}") = "EdgarAmaguana", "EdgarAmaguana\EdgarAmaguana.csproj", "{725BC7F2-4A41-48FF-93EF-2674A565669E}"
EndProject
Global
	GlobalSection(SolutionConfigurationPlatforms) = preSolution
		Debug|Any CPU = Debug|Any CPU
		Debug|iPhone = Debug|iPhone
		Debug|iPhoneSimulator = Debug|iPhoneSimulator
		Release|Any CPU = Release|Any CPU
		Release|iPhone = Release|iPhone
		Release|iPhoneSimulator = Release|iPhoneSimulator
	EndGlobalSection
	GlobalSection(ProjectConfigurationPlatforms) = postSolution
		{A340A0B5-1EA1-4621-835F-EF054AF1098E}.Debug|Any CPU.ActiveCfg = Debug|Any CPU
		{A340A0B5-1EA1-4621-835F-EF054AF1098E}.Debug|Any CPU.Build.0 = Debug|Any CPU
		{A340A0B5-1EA1-4621-835F-EF054AF1098E}.Debug|Any CPU.Deploy.0 = Debug|Any CPU
		{A340A0B5-1EA1-4621-835F-EF054AF1098E}.Debug|iPhone.ActiveCfg = Debug|Any CPU
		{A340A0B5-1EA1-4621-835F-EF054AF1098E}.Debug|iPhone.Build.0 = Debug|Any CPU
		{A340A0B5-1EA1-4621-835F-EF054AF1098E}.Debug|iPhone.Deploy.0 = Debug|Any CPU
		{A340A0B5-1EA1-4621-835F-EF054AF1098E}.Debug|iPhoneSimulator.ActiveCfg = Debug|Any CPU
		{A340A0B5-1EA1-4621-835F-EF054AF1098E}.Debug|iPhoneSimulator.Build.0 = Debug|Any CPU
		{A340A0B5-1EA1-4621-835F-EF054AF1098E}.Debug|iPhoneSimulator.Deploy.0 = Debug|Any CPU
		{A340A0B5-1EA1-4621-835F-EF054AF1098E}.Release|Any CPU.ActiveCfg = Release|Any CPU
		{A340A0B5-1EA1-4621-835F-EF054AF1098E}.Release|Any CPU.Build.0 = Release|Any CPU
		{A340A0B5-1EA1-4621-835F-EF054AF1098E}.Release|Any CPU.Deploy.0 = Release|Any CPU
		{A340A0B5-1EA1-4621-835F-EF054AF1098E}.Release|iPhone.ActiveCfg = Release|Any CPU
		{A340A0B5-1EA1-4621-835F-EF054AF1098E}.Release|iPhone.Build.0 = Release|Any CPU
		{A340A0B5-1EA1-4621-835F-EF054AF1098E}.Release|iPhone.Deploy.0 = Release|Any CPU
		{A340A0B5-1EA1-4621-835F-EF054AF1098E}.Release|iPhoneSimulator.ActiveCfg = Release|Any CPU
		{A340A0B5-1EA1-4621-835F-EF054AF1098E}.Release|iPhoneSimulator.Build.0 = Release|Any CPU
		{A340A0B5-1EA1-4621-835F-EF054AF1098E}.Release|iPhoneSimulator.Deploy.0 = Release|Any CPU
		{479FC700-A33D-4C70-82BE-B665C9C570F1}.Debug|Any CPU.ActiveCfg = Debug|iPhone
		{479FC700-A33D-4C70-82BE-B665C9C570F1}.Debug|Any CPU.Build.0 = Debug|iPhone
		{479FC700-A33D-4C70-82BE-B665C9C570F1}.Debug|Any CPU.Deploy.0 = Debug|iPhone
		{479FC700-A33D-4C70-82BE-B665C9C570F1}.Debug|iPhone.ActiveCfg = Debug|iPhone
		{479FC700-A33D-4C70-82BE-B665C9C570F1}.Debug|iPhone.Build.0 = Debug|iPhone
		{479FC700-A33D-4C70-82BE-B665C9C570F1}.Debug|iPhone.Deploy.0 = Debug|iPhone
		{479FC700-A33D-4C70-82BE-B665C9C570F1}.Debug|iPhoneSimulator.ActiveCfg = Debug|iPhoneSimulator
		{479FC700-A33D-4C70-82BE-B665C9C570F1}.Debug|iPhoneSimulator.Build.0 = Debug|iPhoneSimulator
		{479FC700-A33D-4C70-82BE-B665C9C570F1}.Debug|iPhoneSimulator.Deploy.0 = Debug|iPhoneSimulator
		{479FC700-A33D-4C70-82BE-B665C9C570F1}.Release|Any CPU.ActiveCfg = Release|iPhoneSimulator
		{479FC700-A33D-4C70-82BE-B665C9C570F1}.Release|Any CPU.Build.0 = Release|iPhoneSimulator
		{479FC700-A33D-4C70-82BE-B665C9C570F1}.Release|Any CPU.Deploy.0 = Release|iPhoneSimulator
		{479FC700-A33D-4C70-82BE-B665C9C570F1}.Release|iPhone.ActiveCfg = Release|iPhone
		{479FC700-A33D-4C70-82BE-B665C9C570F1}.Release|iPhone.Build.0 = Release|iPhone
		{479FC700-A33D-4C70-82BE-B665C9C570F1}.Release|iPhone.Deploy.0 = Release|iPhone
		{479FC700-A33D-4C70-82BE-B665C9C570F1}.Release|iPhoneSimulator.ActiveCfg = Release|iPhoneSimulator
		{479FC700-A33D-4C70-82BE-B665C9C570F1}.Release|iPhoneSimulator.Build.0 = Release|iPhoneSimulator
		{479FC700-A33D-4C70-82BE-B665C9C570F1}.Release|iPhoneSimulator.Deploy.0 = Release|iPhoneSimulator
		{725BC7F2-4A41-48FF-93EF-2674A565669E}.Debug|Any CPU.ActiveCfg = Debug|Any CPU
		{725BC7F2-4A41-48FF-93EF-2674A565669E}.Debug|Any CPU.Build.0 = Debug|Any CPU
		{725BC7F2-4A41-48FF-93EF-2674A565669E}.Debug|Any CPU.Deploy.0 = Debug|Any CPU
		{725BC7F2-4A41-48FF-93EF-2674A565669E}.Debug|iPhone.ActiveCfg = Debug|Any CPU
		{725BC7F2-4A41-48FF-93EF-2674A565669E}.Debug|iPhone.Build.0 = Debug|Any CPU
		{725BC7F2-4A41-48FF-93EF-2674A565669E}.Debug|iPhone.Deploy.0 = Debug|Any CPU
		{725BC7F2-4A41-48FF-93EF-2674A565669E}.Debug|iPhoneSimulator.ActiveCfg = Debug|Any CPU
		{725BC7F2-4A41-48FF-93EF-2674A565669E}.Debug|iPhoneSimulator.Build.0 = Debug|Any CPU
		{725BC7F2-4A41-48FF-93EF-2674A565669E}.Debug|iPhoneSimulator.Deploy.0 = Debug|Any CPU
		{725BC7F2-4A41-48FF-93EF-2674A565669E}.Release|Any CPU.ActiveCfg = Release|Any CPU
		{725BC7F2-4A41-48FF-93EF-2674A565669E}.Release|Any CPU.Build.0 = Release|Any CPU
		{725BC7F2-4A41-48FF-93EF-2674A565669E}.Release|Any CPU.Deploy.0 = Release|Any CPU
		{725BC7F2-4A41-48FF-93EF-2674A565669E}.Release|iPhone.ActiveCfg = Release|Any CPU
		{725BC7F2-4A41-48FF-93EF-2674A565669E}.Release|iPhone.Build.0 = Release|Any CPU
		{725BC7F2-4A41-48FF-93EF-2674A565669E}.Release|iPhone.Deploy.0 = Release|Any CPU
		{725BC7F2-4A41-48FF-93EF-2674A565669E}.Release|iPhoneSimulator.ActiveCfg = Release|Any CPU
		{725BC7F2-4A41-48FF-93EF-2674A565669E}.Release|iPhoneSimulator.Build.0 = Release|Any CPU
		{725BC7F2-4A41-48FF-93EF-2674A565669E}.Release|iPhoneSimulator.Deploy.0 = Release|Any CPU
	EndGlobalSection
	GlobalSection(SolutionProperties) = preSolution
		HideSolutionNode = FALSE
	EndGlobalSection
	GlobalSection(ExtensibilityGlobals) = postSolution
		SolutionGuid = {4D39E4BF-22D4-4A6F-B24C-B14762F90A58}
	EndGlobalSection
EndGlobal
